// !$*UTF8*$!
{
	archiveVersion = 1;
	classes = {
	};
	objectVersion = 56;
	objects = {

/* Begin PBXBuildFile section */
		1A30D86D295C8BF1002F5E73 /* Answer.swift in Sources */ = {isa = PBXBuildFile; fileRef = 1A30D86C295C8BF1002F5E73 /* Answer.swift */; };
		1A364BEA29704A980099C1D2 /* 나눔손글씨 느릿느릿체.ttf in Resources */ = {isa = PBXBuildFile; fileRef = 1A364BE9297049AE0099C1D2 /* 나눔손글씨 느릿느릿체.ttf */; };
		1A364BED29704B460099C1D2 /* TextModifiers.swift in Sources */ = {isa = PBXBuildFile; fileRef = 1A364BEC29704B460099C1D2 /* TextModifiers.swift */; };
		1A364BF0297053A90099C1D2 /* Ex+String.swift in Sources */ = {isa = PBXBuildFile; fileRef = 1A364BEF297053A90099C1D2 /* Ex+String.swift */; };
		1A364BF229705B1F0099C1D2 /* AnswerDetailView.swift in Sources */ = {isa = PBXBuildFile; fileRef = 1A364BF129705B1F0099C1D2 /* AnswerDetailView.swift */; };
		1A364BFE29706D8A0099C1D2 /* Ex+Color.swift in Sources */ = {isa = PBXBuildFile; fileRef = 1A364BFD29706D8A0099C1D2 /* Ex+Color.swift */; };
		1A396FA8295889E1007C1423 /* CheckEmojiView.swift in Sources */ = {isa = PBXBuildFile; fileRef = 1A396FA7295889E1007C1423 /* CheckEmojiView.swift */; };
		1A6BC9AB294F3F1D00D9B84E /* GhostImageView.swift in Sources */ = {isa = PBXBuildFile; fileRef = 1A6BC9AA294F3F1D00D9B84E /* GhostImageView.swift */; };
		1A6BC9AD294F401700D9B84E /* QuestionBoxView.swift in Sources */ = {isa = PBXBuildFile; fileRef = 1A6BC9AC294F401700D9B84E /* QuestionBoxView.swift */; };
		1A97F20A297428EC0033C7E7 /* AnswerStore.swift in Sources */ = {isa = PBXBuildFile; fileRef = 1A97F209297428EC0033C7E7 /* AnswerStore.swift */; };
		1AA006E4297C08FD00D5EF67 /* ChartView.swift in Sources */ = {isa = PBXBuildFile; fileRef = 1AA006E3297C08FD00D5EF67 /* ChartView.swift */; };
		28158CE52958703B002C832F /* AnswerView.swift in Sources */ = {isa = PBXBuildFile; fileRef = 28158CE42958703B002C832F /* AnswerView.swift */; };
		2826CE8629796FF700124147 /* Ex+UIScreen.swift in Sources */ = {isa = PBXBuildFile; fileRef = 2826CE8529796FF700124147 /* Ex+UIScreen.swift */; };
		2826CEA9297987A400124147 /* AppleAuthCoordinator.swift in Sources */ = {isa = PBXBuildFile; fileRef = 2826CEA8297987A400124147 /* AppleAuthCoordinator.swift */; };
		2827C5D72976CE5B00185917 /* Ex+Date.swift in Sources */ = {isa = PBXBuildFile; fileRef = 2827C5D62976CE5B00185917 /* Ex+Date.swift */; };
		2827C5D92976D70C00185917 /* HistoryListCellView.swift in Sources */ = {isa = PBXBuildFile; fileRef = 2827C5D82976D70C00185917 /* HistoryListCellView.swift */; };
		283BE9D6295FE6E600D4C6B1 /* TimeLineView.swift in Sources */ = {isa = PBXBuildFile; fileRef = 283BE9D5295FE6E600D4C6B1 /* TimeLineView.swift */; };
		283BE9D8295FEF1900D4C6B1 /* TimeLineCustomTabBar.swift in Sources */ = {isa = PBXBuildFile; fileRef = 283BE9D7295FEF1900D4C6B1 /* TimeLineCustomTabBar.swift */; };
		2854A11529828E3800283E40 /* LoadingView.swift in Sources */ = {isa = PBXBuildFile; fileRef = 2854A11429828E3800283E40 /* LoadingView.swift */; };
		2854D13C29811F6B00A2CCF4 /* EmailLoginView.swift in Sources */ = {isa = PBXBuildFile; fileRef = 2854D13B29811F6B00A2CCF4 /* EmailLoginView.swift */; };
		285EAE79296178DD00A24E18 /* CustomDatePicker.swift in Sources */ = {isa = PBXBuildFile; fileRef = 285EAE78296178DD00A24E18 /* CustomDatePicker.swift */; };
		285EAE7B2961792900A24E18 /* CalendarDate.swift in Sources */ = {isa = PBXBuildFile; fileRef = 285EAE7A2961792900A24E18 /* CalendarDate.swift */; };
		287605F72949FAED00406FB5 /* LoginView.swift in Sources */ = {isa = PBXBuildFile; fileRef = 287605F62949FAED00406FB5 /* LoginView.swift */; };
		287605FA2949FB5900406FB5 /* HomeView.swift in Sources */ = {isa = PBXBuildFile; fileRef = 287605F92949FB5900406FB5 /* HomeView.swift */; };
		287605FC2949FB6800406FB5 /* QuestionView.swift in Sources */ = {isa = PBXBuildFile; fileRef = 287605FB2949FB6800406FB5 /* QuestionView.swift */; };
		287605FE2949FB7300406FB5 /* SignUpView.swift in Sources */ = {isa = PBXBuildFile; fileRef = 287605FD2949FB7300406FB5 /* SignUpView.swift */; };
		287606012949FBA200406FB5 /* CalendarView.swift in Sources */ = {isa = PBXBuildFile; fileRef = 287606002949FBA200406FB5 /* CalendarView.swift */; };
		287606032949FBC200406FB5 /* HistoryListView.swift in Sources */ = {isa = PBXBuildFile; fileRef = 287606022949FBC200406FB5 /* HistoryListView.swift */; };
		287606062949FC1500406FB5 /* AnalysisView.swift in Sources */ = {isa = PBXBuildFile; fileRef = 287606052949FC1500406FB5 /* AnalysisView.swift */; };
		287606082949FC4F00406FB5 /* AuthStore.swift in Sources */ = {isa = PBXBuildFile; fileRef = 287606072949FC4F00406FB5 /* AuthStore.swift */; };
		2876060A2949FC5C00406FB5 /* QuestionStore.swift in Sources */ = {isa = PBXBuildFile; fileRef = 287606092949FC5C00406FB5 /* QuestionStore.swift */; };
		2876060C2949FC7300406FB5 /* User.swift in Sources */ = {isa = PBXBuildFile; fileRef = 2876060B2949FC7300406FB5 /* User.swift */; };
		2876060E2949FC7E00406FB5 /* Question.swift in Sources */ = {isa = PBXBuildFile; fileRef = 2876060D2949FC7E00406FB5 /* Question.swift */; };
		289272CE295369B400953951 /* GoogleSignIn in Frameworks */ = {isa = PBXBuildFile; productRef = 289272CD295369B400953951 /* GoogleSignIn */; };
		289272D0295369B400953951 /* GoogleSignInSwift in Frameworks */ = {isa = PBXBuildFile; productRef = 289272CF295369B400953951 /* GoogleSignInSwift */; };
		2892CA0B29782224008DBAF8 /* CalendarStore.swift in Sources */ = {isa = PBXBuildFile; fileRef = 2892CA0A29782224008DBAF8 /* CalendarStore.swift */; };
		28A81AB1294E16DF00E0FEE1 /* Authorization.swift in Sources */ = {isa = PBXBuildFile; fileRef = 28A81AB0294E16DF00E0FEE1 /* Authorization.swift */; };
		28C051C7294F4C1E00DB1213 /* TimeData.swift in Sources */ = {isa = PBXBuildFile; fileRef = 28C051C6294F4C1E00DB1213 /* TimeData.swift */; };
		28F677132949EB3F00935959 /* GhostDiaryApp.swift in Sources */ = {isa = PBXBuildFile; fileRef = 28F677122949EB3F00935959 /* GhostDiaryApp.swift */; };
		28F677152949EB3F00935959 /* ContentView.swift in Sources */ = {isa = PBXBuildFile; fileRef = 28F677142949EB3F00935959 /* ContentView.swift */; };
		28F677172949EB4000935959 /* Assets.xcassets in Resources */ = {isa = PBXBuildFile; fileRef = 28F677162949EB4000935959 /* Assets.xcassets */; };
		28F6771A2949EB4000935959 /* Preview Assets.xcassets in Resources */ = {isa = PBXBuildFile; fileRef = 28F677192949EB4000935959 /* Preview Assets.xcassets */; };
		28F677222949ECFF00935959 /* FirebaseAuth in Frameworks */ = {isa = PBXBuildFile; productRef = 28F677212949ECFF00935959 /* FirebaseAuth */; };
		28F677242949ECFF00935959 /* FirebaseDatabase in Frameworks */ = {isa = PBXBuildFile; productRef = 28F677232949ECFF00935959 /* FirebaseDatabase */; };
		28F677262949ECFF00935959 /* FirebaseDatabaseSwift in Frameworks */ = {isa = PBXBuildFile; productRef = 28F677252949ECFF00935959 /* FirebaseDatabaseSwift */; };
		28F677282949ECFF00935959 /* FirebaseFirestore in Frameworks */ = {isa = PBXBuildFile; productRef = 28F677272949ECFF00935959 /* FirebaseFirestore */; };
		28F6772A2949ECFF00935959 /* FirebaseFirestoreSwift in Frameworks */ = {isa = PBXBuildFile; productRef = 28F677292949ECFF00935959 /* FirebaseFirestoreSwift */; };
		28F6772C2949ED0900935959 /* GoogleService-Info.plist in Resources */ = {isa = PBXBuildFile; fileRef = 28F6772B2949ED0900935959 /* GoogleService-Info.plist */; };
		28F89176296C4ABA00D79C42 /* TimeLineStore.swift in Sources */ = {isa = PBXBuildFile; fileRef = 28F89175296C4ABA00D79C42 /* TimeLineStore.swift */; };
/* End PBXBuildFile section */

/* Begin PBXFileReference section */
		1A30D86C295C8BF1002F5E73 /* Answer.swift */ = {isa = PBXFileReference; fileEncoding = 4; lastKnownFileType = sourcecode.swift; path = Answer.swift; sourceTree = "<group>"; };
		1A364BE9297049AE0099C1D2 /* 나눔손글씨 느릿느릿체.ttf */ = {isa = PBXFileReference; lastKnownFileType = file; path = "나눔손글씨 느릿느릿체.ttf"; sourceTree = "<group>"; };
		1A364BEC29704B460099C1D2 /* TextModifiers.swift */ = {isa = PBXFileReference; lastKnownFileType = sourcecode.swift; path = TextModifiers.swift; sourceTree = "<group>"; };
		1A364BEF297053A90099C1D2 /* Ex+String.swift */ = {isa = PBXFileReference; lastKnownFileType = sourcecode.swift; path = "Ex+String.swift"; sourceTree = "<group>"; };
		1A364BF129705B1F0099C1D2 /* AnswerDetailView.swift */ = {isa = PBXFileReference; lastKnownFileType = sourcecode.swift; path = AnswerDetailView.swift; sourceTree = "<group>"; };
		1A364BFD29706D8A0099C1D2 /* Ex+Color.swift */ = {isa = PBXFileReference; lastKnownFileType = sourcecode.swift; path = "Ex+Color.swift"; sourceTree = "<group>"; };
		1A396FA7295889E1007C1423 /* CheckEmojiView.swift */ = {isa = PBXFileReference; lastKnownFileType = sourcecode.swift; path = CheckEmojiView.swift; sourceTree = "<group>"; };
		1A6BC9AA294F3F1D00D9B84E /* GhostImageView.swift */ = {isa = PBXFileReference; lastKnownFileType = sourcecode.swift; path = GhostImageView.swift; sourceTree = "<group>"; };
		1A6BC9AC294F401700D9B84E /* QuestionBoxView.swift */ = {isa = PBXFileReference; lastKnownFileType = sourcecode.swift; path = QuestionBoxView.swift; sourceTree = "<group>"; };
		1A97F209297428EC0033C7E7 /* AnswerStore.swift */ = {isa = PBXFileReference; lastKnownFileType = sourcecode.swift; path = AnswerStore.swift; sourceTree = "<group>"; };
		1AA006E3297C08FD00D5EF67 /* ChartView.swift */ = {isa = PBXFileReference; lastKnownFileType = sourcecode.swift; path = ChartView.swift; sourceTree = "<group>"; };
		28158CE42958703B002C832F /* AnswerView.swift */ = {isa = PBXFileReference; lastKnownFileType = sourcecode.swift; path = AnswerView.swift; sourceTree = "<group>"; };
		2826CE8529796FF700124147 /* Ex+UIScreen.swift */ = {isa = PBXFileReference; lastKnownFileType = sourcecode.swift; path = "Ex+UIScreen.swift"; sourceTree = "<group>"; };
		2826CEA72979867800124147 /* GhostDiary.entitlements */ = {isa = PBXFileReference; lastKnownFileType = text.plist.entitlements; path = GhostDiary.entitlements; sourceTree = "<group>"; };
		2826CEA8297987A400124147 /* AppleAuthCoordinator.swift */ = {isa = PBXFileReference; lastKnownFileType = sourcecode.swift; path = AppleAuthCoordinator.swift; sourceTree = "<group>"; };
		2827C5D62976CE5B00185917 /* Ex+Date.swift */ = {isa = PBXFileReference; lastKnownFileType = sourcecode.swift; path = "Ex+Date.swift"; sourceTree = "<group>"; };
		2827C5D82976D70C00185917 /* HistoryListCellView.swift */ = {isa = PBXFileReference; lastKnownFileType = sourcecode.swift; path = HistoryListCellView.swift; sourceTree = "<group>"; };
		283BE9D5295FE6E600D4C6B1 /* TimeLineView.swift */ = {isa = PBXFileReference; lastKnownFileType = sourcecode.swift; path = TimeLineView.swift; sourceTree = "<group>"; };
		283BE9D7295FEF1900D4C6B1 /* TimeLineCustomTabBar.swift */ = {isa = PBXFileReference; lastKnownFileType = sourcecode.swift; path = TimeLineCustomTabBar.swift; sourceTree = "<group>"; };
		2854A11429828E3800283E40 /* LoadingView.swift */ = {isa = PBXFileReference; lastKnownFileType = sourcecode.swift; path = LoadingView.swift; sourceTree = "<group>"; };
		2854D13B29811F6B00A2CCF4 /* EmailLoginView.swift */ = {isa = PBXFileReference; lastKnownFileType = sourcecode.swift; path = EmailLoginView.swift; sourceTree = "<group>"; };
		285EAE78296178DD00A24E18 /* CustomDatePicker.swift */ = {isa = PBXFileReference; lastKnownFileType = sourcecode.swift; path = CustomDatePicker.swift; sourceTree = "<group>"; };
		285EAE7A2961792900A24E18 /* CalendarDate.swift */ = {isa = PBXFileReference; lastKnownFileType = sourcecode.swift; path = CalendarDate.swift; sourceTree = "<group>"; };
		287605F62949FAED00406FB5 /* LoginView.swift */ = {isa = PBXFileReference; lastKnownFileType = sourcecode.swift; path = LoginView.swift; sourceTree = "<group>"; };
		287605F92949FB5900406FB5 /* HomeView.swift */ = {isa = PBXFileReference; lastKnownFileType = sourcecode.swift; path = HomeView.swift; sourceTree = "<group>"; };
		287605FB2949FB6800406FB5 /* QuestionView.swift */ = {isa = PBXFileReference; lastKnownFileType = sourcecode.swift; path = QuestionView.swift; sourceTree = "<group>"; };
		287605FD2949FB7300406FB5 /* SignUpView.swift */ = {isa = PBXFileReference; lastKnownFileType = sourcecode.swift; path = SignUpView.swift; sourceTree = "<group>"; };
		287606002949FBA200406FB5 /* CalendarView.swift */ = {isa = PBXFileReference; lastKnownFileType = sourcecode.swift; path = CalendarView.swift; sourceTree = "<group>"; };
		287606022949FBC200406FB5 /* HistoryListView.swift */ = {isa = PBXFileReference; lastKnownFileType = sourcecode.swift; path = HistoryListView.swift; sourceTree = "<group>"; };
		287606052949FC1500406FB5 /* AnalysisView.swift */ = {isa = PBXFileReference; lastKnownFileType = sourcecode.swift; path = AnalysisView.swift; sourceTree = "<group>"; };
		287606072949FC4F00406FB5 /* AuthStore.swift */ = {isa = PBXFileReference; lastKnownFileType = sourcecode.swift; path = AuthStore.swift; sourceTree = "<group>"; };
		287606092949FC5C00406FB5 /* QuestionStore.swift */ = {isa = PBXFileReference; lastKnownFileType = sourcecode.swift; path = QuestionStore.swift; sourceTree = "<group>"; };
		2876060B2949FC7300406FB5 /* User.swift */ = {isa = PBXFileReference; lastKnownFileType = sourcecode.swift; path = User.swift; sourceTree = "<group>"; };
		2876060D2949FC7E00406FB5 /* Question.swift */ = {isa = PBXFileReference; lastKnownFileType = sourcecode.swift; path = Question.swift; sourceTree = "<group>"; };
		2892CA0A29782224008DBAF8 /* CalendarStore.swift */ = {isa = PBXFileReference; lastKnownFileType = sourcecode.swift; path = CalendarStore.swift; sourceTree = "<group>"; };
		28A81AB0294E16DF00E0FEE1 /* Authorization.swift */ = {isa = PBXFileReference; lastKnownFileType = sourcecode.swift; path = Authorization.swift; sourceTree = "<group>"; };
		28C051C6294F4C1E00DB1213 /* TimeData.swift */ = {isa = PBXFileReference; lastKnownFileType = sourcecode.swift; path = TimeData.swift; sourceTree = "<group>"; };
		28F6770F2949EB3F00935959 /* GhostDiary.app */ = {isa = PBXFileReference; explicitFileType = wrapper.application; includeInIndex = 0; path = GhostDiary.app; sourceTree = BUILT_PRODUCTS_DIR; };
		28F677122949EB3F00935959 /* GhostDiaryApp.swift */ = {isa = PBXFileReference; lastKnownFileType = sourcecode.swift; path = GhostDiaryApp.swift; sourceTree = "<group>"; };
		28F677142949EB3F00935959 /* ContentView.swift */ = {isa = PBXFileReference; lastKnownFileType = sourcecode.swift; path = ContentView.swift; sourceTree = "<group>"; };
		28F677162949EB4000935959 /* Assets.xcassets */ = {isa = PBXFileReference; lastKnownFileType = folder.assetcatalog; path = Assets.xcassets; sourceTree = "<group>"; };
		28F677192949EB4000935959 /* Preview Assets.xcassets */ = {isa = PBXFileReference; lastKnownFileType = folder.assetcatalog; path = "Preview Assets.xcassets"; sourceTree = "<group>"; };
		28F6772B2949ED0900935959 /* GoogleService-Info.plist */ = {isa = PBXFileReference; fileEncoding = 4; lastKnownFileType = text.plist.xml; path = "GoogleService-Info.plist"; sourceTree = "<group>"; };
		28F6772D2949EDA900935959 /* Info.plist */ = {isa = PBXFileReference; lastKnownFileType = text.plist; path = Info.plist; sourceTree = "<group>"; };
		28F89175296C4ABA00D79C42 /* TimeLineStore.swift */ = {isa = PBXFileReference; lastKnownFileType = sourcecode.swift; path = TimeLineStore.swift; sourceTree = "<group>"; };
/* End PBXFileReference section */

/* Begin PBXFrameworksBuildPhase section */
		28F6770C2949EB3F00935959 /* Frameworks */ = {
			isa = PBXFrameworksBuildPhase;
			buildActionMask = 2147483647;
			files = (
				28F6772A2949ECFF00935959 /* FirebaseFirestoreSwift in Frameworks */,
				28F677262949ECFF00935959 /* FirebaseDatabaseSwift in Frameworks */,
				289272D0295369B400953951 /* GoogleSignInSwift in Frameworks */,
				28F677282949ECFF00935959 /* FirebaseFirestore in Frameworks */,
				28F677242949ECFF00935959 /* FirebaseDatabase in Frameworks */,
				28F677222949ECFF00935959 /* FirebaseAuth in Frameworks */,
				289272CE295369B400953951 /* GoogleSignIn in Frameworks */,
			);
			runOnlyForDeploymentPostprocessing = 0;
		};
/* End PBXFrameworksBuildPhase section */

/* Begin PBXGroup section */
		1A364BE52970488D0099C1D2 /* Configuration */ = {
			isa = PBXGroup;
			children = (
				1A364BEE2970535E0099C1D2 /* Extensions */,
				1A364BE7297048B50099C1D2 /* Fonts */,
				1A364BEB29704AFA0099C1D2 /* Modifiers */,
			);
			name = Configuration;
			sourceTree = "<group>";
		};
		1A364BE7297048B50099C1D2 /* Fonts */ = {
			isa = PBXGroup;
			children = (
				1A364BE9297049AE0099C1D2 /* 나눔손글씨 느릿느릿체.ttf */,
			);
			name = Fonts;
			sourceTree = "<group>";
		};
		1A364BEB29704AFA0099C1D2 /* Modifiers */ = {
			isa = PBXGroup;
			children = (
				1A364BEC29704B460099C1D2 /* TextModifiers.swift */,
			);
			name = Modifiers;
			sourceTree = "<group>";
		};
		1A364BEE2970535E0099C1D2 /* Extensions */ = {
			isa = PBXGroup;
			children = (
				1A364BFD29706D8A0099C1D2 /* Ex+Color.swift */,
				1A364BEF297053A90099C1D2 /* Ex+String.swift */,
				2827C5D62976CE5B00185917 /* Ex+Date.swift */,
				2826CE8529796FF700124147 /* Ex+UIScreen.swift */,
			);
			name = Extensions;
			sourceTree = "<group>";
		};
		287605F12949FA3500406FB5 /* View */ = {
			isa = PBXGroup;
			children = (
				287606042949FBE600406FB5 /* Analysis */,
				287605FF2949FB7700406FB5 /* TimeLine */,
				287605F82949FAF700406FB5 /* Question */,
				287605F52949FAD900406FB5 /* Login */,
				2854A11429828E3800283E40 /* LoadingView.swift */,
			);
			path = View;
			sourceTree = "<group>";
		};
		287605F22949FA4200406FB5 /* Model */ = {
			isa = PBXGroup;
			children = (
				2876060B2949FC7300406FB5 /* User.swift */,
				2876060D2949FC7E00406FB5 /* Question.swift */,
				1A30D86C295C8BF1002F5E73 /* Answer.swift */,
				285EAE7A2961792900A24E18 /* CalendarDate.swift */,
			);
			path = Model;
			sourceTree = "<group>";
		};
		287605F42949FAA400406FB5 /* ViewModel */ = {
			isa = PBXGroup;
			children = (
				287606072949FC4F00406FB5 /* AuthStore.swift */,
				1A97F209297428EC0033C7E7 /* AnswerStore.swift */,
				287606092949FC5C00406FB5 /* QuestionStore.swift */,
				28F89175296C4ABA00D79C42 /* TimeLineStore.swift */,
				2892CA0A29782224008DBAF8 /* CalendarStore.swift */,
				2826CEA8297987A400124147 /* AppleAuthCoordinator.swift */,
			);
			path = ViewModel;
			sourceTree = "<group>";
		};
		287605F52949FAD900406FB5 /* Login */ = {
			isa = PBXGroup;
			children = (
				287605F62949FAED00406FB5 /* LoginView.swift */,
				287605FD2949FB7300406FB5 /* SignUpView.swift */,
				2854D13B29811F6B00A2CCF4 /* EmailLoginView.swift */,
			);
			path = Login;
			sourceTree = "<group>";
		};
		287605F82949FAF700406FB5 /* Question */ = {
			isa = PBXGroup;
			children = (
				28158CE42958703B002C832F /* AnswerView.swift */,
				1A364BF129705B1F0099C1D2 /* AnswerDetailView.swift */,
				1A396FA7295889E1007C1423 /* CheckEmojiView.swift */,
				1A6BC9AA294F3F1D00D9B84E /* GhostImageView.swift */,
				287605F92949FB5900406FB5 /* HomeView.swift */,
				1A6BC9AC294F401700D9B84E /* QuestionBoxView.swift */,
				287605FB2949FB6800406FB5 /* QuestionView.swift */,
			);
			path = Question;
			sourceTree = "<group>";
		};
		287605FF2949FB7700406FB5 /* TimeLine */ = {
			isa = PBXGroup;
			children = (
				287606002949FBA200406FB5 /* CalendarView.swift */,
				287606022949FBC200406FB5 /* HistoryListView.swift */,
				283BE9D5295FE6E600D4C6B1 /* TimeLineView.swift */,
				283BE9D7295FEF1900D4C6B1 /* TimeLineCustomTabBar.swift */,
				285EAE78296178DD00A24E18 /* CustomDatePicker.swift */,
				2827C5D82976D70C00185917 /* HistoryListCellView.swift */,
			);
			path = TimeLine;
			sourceTree = "<group>";
		};
		287606042949FBE600406FB5 /* Analysis */ = {
			isa = PBXGroup;
			children = (
				287606052949FC1500406FB5 /* AnalysisView.swift */,
				1AA006E3297C08FD00D5EF67 /* ChartView.swift */,
			);
			path = Analysis;
			sourceTree = "<group>";
		};
		28A81AAF294E165E00E0FEE1 /* Utilities */ = {
			isa = PBXGroup;
			children = (
				28A81AB0294E16DF00E0FEE1 /* Authorization.swift */,
				28C051C6294F4C1E00DB1213 /* TimeData.swift */,
			);
			path = Utilities;
			sourceTree = "<group>";
		};
		28F677062949EB3F00935959 = {
			isa = PBXGroup;
			children = (
				28F677112949EB3F00935959 /* GhostDiary */,
				28F677102949EB3F00935959 /* Products */,
			);
			sourceTree = "<group>";
		};
		28F677102949EB3F00935959 /* Products */ = {
			isa = PBXGroup;
			children = (
				28F6770F2949EB3F00935959 /* GhostDiary.app */,
			);
			name = Products;
			sourceTree = "<group>";
		};
		28F677112949EB3F00935959 /* GhostDiary */ = {
			isa = PBXGroup;
			children = (
				2826CEA72979867800124147 /* GhostDiary.entitlements */,
				1A364BE52970488D0099C1D2 /* Configuration */,
				28A81AAF294E165E00E0FEE1 /* Utilities */,
				287605F42949FAA400406FB5 /* ViewModel */,
				287605F22949FA4200406FB5 /* Model */,
				287605F12949FA3500406FB5 /* View */,
				28F6772D2949EDA900935959 /* Info.plist */,
				28F677122949EB3F00935959 /* GhostDiaryApp.swift */,
				28F677142949EB3F00935959 /* ContentView.swift */,
				28F6772B2949ED0900935959 /* GoogleService-Info.plist */,
				28F677162949EB4000935959 /* Assets.xcassets */,
				28F677182949EB4000935959 /* Preview Content */,
			);
			path = GhostDiary;
			sourceTree = "<group>";
		};
		28F677182949EB4000935959 /* Preview Content */ = {
			isa = PBXGroup;
			children = (
				28F677192949EB4000935959 /* Preview Assets.xcassets */,
			);
			path = "Preview Content";
			sourceTree = "<group>";
		};
/* End PBXGroup section */

/* Begin PBXNativeTarget section */
		28F6770E2949EB3F00935959 /* GhostDiary */ = {
			isa = PBXNativeTarget;
			buildConfigurationList = 28F6771D2949EB4000935959 /* Build configuration list for PBXNativeTarget "GhostDiary" */;
			buildPhases = (
				28F6770B2949EB3F00935959 /* Sources */,
				28F6770C2949EB3F00935959 /* Frameworks */,
				28F6770D2949EB3F00935959 /* Resources */,
			);
			buildRules = (
			);
			dependencies = (
			);
			name = GhostDiary;
			packageProductDependencies = (
				28F677212949ECFF00935959 /* FirebaseAuth */,
				28F677232949ECFF00935959 /* FirebaseDatabase */,
				28F677252949ECFF00935959 /* FirebaseDatabaseSwift */,
				28F677272949ECFF00935959 /* FirebaseFirestore */,
				28F677292949ECFF00935959 /* FirebaseFirestoreSwift */,
				289272CD295369B400953951 /* GoogleSignIn */,
				289272CF295369B400953951 /* GoogleSignInSwift */,
			);
			productName = GhostDiary;
			productReference = 28F6770F2949EB3F00935959 /* GhostDiary.app */;
			productType = "com.apple.product-type.application";
		};
/* End PBXNativeTarget section */

/* Begin PBXProject section */
		28F677072949EB3F00935959 /* Project object */ = {
			isa = PBXProject;
			attributes = {
				BuildIndependentTargetsInParallel = 1;
				LastSwiftUpdateCheck = 1410;
				LastUpgradeCheck = 1410;
				TargetAttributes = {
					28F6770E2949EB3F00935959 = {
						CreatedOnToolsVersion = 14.1;
					};
				};
			};
			buildConfigurationList = 28F6770A2949EB3F00935959 /* Build configuration list for PBXProject "GhostDiary" */;
			compatibilityVersion = "Xcode 14.0";
			developmentRegion = en;
			hasScannedForEncodings = 0;
			knownRegions = (
				en,
				Base,
			);
			mainGroup = 28F677062949EB3F00935959;
			packageReferences = (
				28F677202949ECFF00935959 /* XCRemoteSwiftPackageReference "firebase-ios-sdk" */,
				289272CC295369B300953951 /* XCRemoteSwiftPackageReference "GoogleSignIn-iOS" */,
			);
			productRefGroup = 28F677102949EB3F00935959 /* Products */;
			projectDirPath = "";
			projectRoot = "";
			targets = (
				28F6770E2949EB3F00935959 /* GhostDiary */,
			);
		};
/* End PBXProject section */

/* Begin PBXResourcesBuildPhase section */
		28F6770D2949EB3F00935959 /* Resources */ = {
			isa = PBXResourcesBuildPhase;
			buildActionMask = 2147483647;
			files = (
				1A364BEA29704A980099C1D2 /* 나눔손글씨 느릿느릿체.ttf in Resources */,
				28F6771A2949EB4000935959 /* Preview Assets.xcassets in Resources */,
				28F677172949EB4000935959 /* Assets.xcassets in Resources */,
				28F6772C2949ED0900935959 /* GoogleService-Info.plist in Resources */,
			);
			runOnlyForDeploymentPostprocessing = 0;
		};
/* End PBXResourcesBuildPhase section */

/* Begin PBXSourcesBuildPhase section */
		28F6770B2949EB3F00935959 /* Sources */ = {
			isa = PBXSourcesBuildPhase;
			buildActionMask = 2147483647;
			files = (
				2827C5D72976CE5B00185917 /* Ex+Date.swift in Sources */,
				2826CE8629796FF700124147 /* Ex+UIScreen.swift in Sources */,
				287605FC2949FB6800406FB5 /* QuestionView.swift in Sources */,
				1AA006E4297C08FD00D5EF67 /* ChartView.swift in Sources */,
				287606032949FBC200406FB5 /* HistoryListView.swift in Sources */,
				287606012949FBA200406FB5 /* CalendarView.swift in Sources */,
				1A364BED29704B460099C1D2 /* TextModifiers.swift in Sources */,
				2892CA0B29782224008DBAF8 /* CalendarStore.swift in Sources */,
				287605F72949FAED00406FB5 /* LoginView.swift in Sources */,
				2827C5D92976D70C00185917 /* HistoryListCellView.swift in Sources */,
				287605FE2949FB7300406FB5 /* SignUpView.swift in Sources */,
				28F89176296C4ABA00D79C42 /* TimeLineStore.swift in Sources */,
				28A81AB1294E16DF00E0FEE1 /* Authorization.swift in Sources */,
				2876060A2949FC5C00406FB5 /* QuestionStore.swift in Sources */,
				1A364BFE29706D8A0099C1D2 /* Ex+Color.swift in Sources */,
				1A30D86D295C8BF1002F5E73 /* Answer.swift in Sources */,
				287605FA2949FB5900406FB5 /* HomeView.swift in Sources */,
				2854A11529828E3800283E40 /* LoadingView.swift in Sources */,
				28F677152949EB3F00935959 /* ContentView.swift in Sources */,
				1A97F20A297428EC0033C7E7 /* AnswerStore.swift in Sources */,
				2854D13C29811F6B00A2CCF4 /* EmailLoginView.swift in Sources */,
				1A364BF0297053A90099C1D2 /* Ex+String.swift in Sources */,
				1A6BC9AB294F3F1D00D9B84E /* GhostImageView.swift in Sources */,
				2876060E2949FC7E00406FB5 /* Question.swift in Sources */,
				1A396FA8295889E1007C1423 /* CheckEmojiView.swift in Sources */,
				285EAE7B2961792900A24E18 /* CalendarDate.swift in Sources */,
				283BE9D6295FE6E600D4C6B1 /* TimeLineView.swift in Sources */,
				2876060C2949FC7300406FB5 /* User.swift in Sources */,
				287606082949FC4F00406FB5 /* AuthStore.swift in Sources */,
				287606062949FC1500406FB5 /* AnalysisView.swift in Sources */,
				283BE9D8295FEF1900D4C6B1 /* TimeLineCustomTabBar.swift in Sources */,
				285EAE79296178DD00A24E18 /* CustomDatePicker.swift in Sources */,
				28158CE52958703B002C832F /* AnswerView.swift in Sources */,
				2826CEA9297987A400124147 /* AppleAuthCoordinator.swift in Sources */,
				28C051C7294F4C1E00DB1213 /* TimeData.swift in Sources */,
				1A6BC9AD294F401700D9B84E /* QuestionBoxView.swift in Sources */,
				28F677132949EB3F00935959 /* GhostDiaryApp.swift in Sources */,
				1A364BF229705B1F0099C1D2 /* AnswerDetailView.swift in Sources */,
			);
			runOnlyForDeploymentPostprocessing = 0;
		};
/* End PBXSourcesBuildPhase section */

/* Begin XCBuildConfiguration section */
		28F6771B2949EB4000935959 /* Debug */ = {
			isa = XCBuildConfiguration;
			buildSettings = {
				ALWAYS_SEARCH_USER_PATHS = NO;
				CLANG_ANALYZER_NONNULL = YES;
				CLANG_ANALYZER_NUMBER_OBJECT_CONVERSION = YES_AGGRESSIVE;
				CLANG_CXX_LANGUAGE_STANDARD = "gnu++20";
				CLANG_ENABLE_MODULES = YES;
				CLANG_ENABLE_OBJC_ARC = YES;
				CLANG_ENABLE_OBJC_WEAK = YES;
				CLANG_WARN_BLOCK_CAPTURE_AUTORELEASING = YES;
				CLANG_WARN_BOOL_CONVERSION = YES;
				CLANG_WARN_COMMA = YES;
				CLANG_WARN_CONSTANT_CONVERSION = YES;
				CLANG_WARN_DEPRECATED_OBJC_IMPLEMENTATIONS = YES;
				CLANG_WARN_DIRECT_OBJC_ISA_USAGE = YES_ERROR;
				CLANG_WARN_DOCUMENTATION_COMMENTS = YES;
				CLANG_WARN_EMPTY_BODY = YES;
				CLANG_WARN_ENUM_CONVERSION = YES;
				CLANG_WARN_INFINITE_RECURSION = YES;
				CLANG_WARN_INT_CONVERSION = YES;
				CLANG_WARN_NON_LITERAL_NULL_CONVERSION = YES;
				CLANG_WARN_OBJC_IMPLICIT_RETAIN_SELF = YES;
				CLANG_WARN_OBJC_LITERAL_CONVERSION = YES;
				CLANG_WARN_OBJC_ROOT_CLASS = YES_ERROR;
				CLANG_WARN_QUOTED_INCLUDE_IN_FRAMEWORK_HEADER = YES;
				CLANG_WARN_RANGE_LOOP_ANALYSIS = YES;
				CLANG_WARN_STRICT_PROTOTYPES = YES;
				CLANG_WARN_SUSPICIOUS_MOVE = YES;
				CLANG_WARN_UNGUARDED_AVAILABILITY = YES_AGGRESSIVE;
				CLANG_WARN_UNREACHABLE_CODE = YES;
				CLANG_WARN__DUPLICATE_METHOD_MATCH = YES;
				COPY_PHASE_STRIP = NO;
				DEBUG_INFORMATION_FORMAT = dwarf;
				ENABLE_STRICT_OBJC_MSGSEND = YES;
				ENABLE_TESTABILITY = YES;
				GCC_C_LANGUAGE_STANDARD = gnu11;
				GCC_DYNAMIC_NO_PIC = NO;
				GCC_NO_COMMON_BLOCKS = YES;
				GCC_OPTIMIZATION_LEVEL = 0;
				GCC_PREPROCESSOR_DEFINITIONS = (
					"DEBUG=1",
					"$(inherited)",
				);
				GCC_WARN_64_TO_32_BIT_CONVERSION = YES;
				GCC_WARN_ABOUT_RETURN_TYPE = YES_ERROR;
				GCC_WARN_UNDECLARED_SELECTOR = YES;
				GCC_WARN_UNINITIALIZED_AUTOS = YES_AGGRESSIVE;
				GCC_WARN_UNUSED_FUNCTION = YES;
				GCC_WARN_UNUSED_VARIABLE = YES;
				IPHONEOS_DEPLOYMENT_TARGET = 16.1;
				MTL_ENABLE_DEBUG_INFO = INCLUDE_SOURCE;
				MTL_FAST_MATH = YES;
				ONLY_ACTIVE_ARCH = YES;
				SDKROOT = iphoneos;
				SWIFT_ACTIVE_COMPILATION_CONDITIONS = DEBUG;
				SWIFT_OPTIMIZATION_LEVEL = "-Onone";
			};
			name = Debug;
		};
		28F6771C2949EB4000935959 /* Release */ = {
			isa = XCBuildConfiguration;
			buildSettings = {
				ALWAYS_SEARCH_USER_PATHS = NO;
				CLANG_ANALYZER_NONNULL = YES;
				CLANG_ANALYZER_NUMBER_OBJECT_CONVERSION = YES_AGGRESSIVE;
				CLANG_CXX_LANGUAGE_STANDARD = "gnu++20";
				CLANG_ENABLE_MODULES = YES;
				CLANG_ENABLE_OBJC_ARC = YES;
				CLANG_ENABLE_OBJC_WEAK = YES;
				CLANG_WARN_BLOCK_CAPTURE_AUTORELEASING = YES;
				CLANG_WARN_BOOL_CONVERSION = YES;
				CLANG_WARN_COMMA = YES;
				CLANG_WARN_CONSTANT_CONVERSION = YES;
				CLANG_WARN_DEPRECATED_OBJC_IMPLEMENTATIONS = YES;
				CLANG_WARN_DIRECT_OBJC_ISA_USAGE = YES_ERROR;
				CLANG_WARN_DOCUMENTATION_COMMENTS = YES;
				CLANG_WARN_EMPTY_BODY = YES;
				CLANG_WARN_ENUM_CONVERSION = YES;
				CLANG_WARN_INFINITE_RECURSION = YES;
				CLANG_WARN_INT_CONVERSION = YES;
				CLANG_WARN_NON_LITERAL_NULL_CONVERSION = YES;
				CLANG_WARN_OBJC_IMPLICIT_RETAIN_SELF = YES;
				CLANG_WARN_OBJC_LITERAL_CONVERSION = YES;
				CLANG_WARN_OBJC_ROOT_CLASS = YES_ERROR;
				CLANG_WARN_QUOTED_INCLUDE_IN_FRAMEWORK_HEADER = YES;
				CLANG_WARN_RANGE_LOOP_ANALYSIS = YES;
				CLANG_WARN_STRICT_PROTOTYPES = YES;
				CLANG_WARN_SUSPICIOUS_MOVE = YES;
				CLANG_WARN_UNGUARDED_AVAILABILITY = YES_AGGRESSIVE;
				CLANG_WARN_UNREACHABLE_CODE = YES;
				CLANG_WARN__DUPLICATE_METHOD_MATCH = YES;
				COPY_PHASE_STRIP = NO;
				DEBUG_INFORMATION_FORMAT = "dwarf-with-dsym";
				ENABLE_NS_ASSERTIONS = NO;
				ENABLE_STRICT_OBJC_MSGSEND = YES;
				GCC_C_LANGUAGE_STANDARD = gnu11;
				GCC_NO_COMMON_BLOCKS = YES;
				GCC_WARN_64_TO_32_BIT_CONVERSION = YES;
				GCC_WARN_ABOUT_RETURN_TYPE = YES_ERROR;
				GCC_WARN_UNDECLARED_SELECTOR = YES;
				GCC_WARN_UNINITIALIZED_AUTOS = YES_AGGRESSIVE;
				GCC_WARN_UNUSED_FUNCTION = YES;
				GCC_WARN_UNUSED_VARIABLE = YES;
				IPHONEOS_DEPLOYMENT_TARGET = 16.1;
				MTL_ENABLE_DEBUG_INFO = NO;
				MTL_FAST_MATH = YES;
				SDKROOT = iphoneos;
				SWIFT_COMPILATION_MODE = wholemodule;
				SWIFT_OPTIMIZATION_LEVEL = "-O";
				VALIDATE_PRODUCT = YES;
			};
			name = Release;
		};
		28F6771E2949EB4000935959 /* Debug */ = {
			isa = XCBuildConfiguration;
			buildSettings = {
				ASSETCATALOG_COMPILER_APPICON_NAME = AppIcon;
				ASSETCATALOG_COMPILER_GLOBAL_ACCENT_COLOR_NAME = AccentColor;
				CODE_SIGN_ENTITLEMENTS = GhostDiary/GhostDiary.entitlements;
				CODE_SIGN_STYLE = Automatic;
				CURRENT_PROJECT_VERSION = 1;
				DEVELOPMENT_ASSET_PATHS = "\"GhostDiary/Preview Content\"";
				DEVELOPMENT_TEAM = 856Q6QA7Z9;
				ENABLE_PREVIEWS = YES;
				GENERATE_INFOPLIST_FILE = YES;
				INFOPLIST_FILE = GhostDiary/Info.plist;
				INFOPLIST_KEY_UIApplicationSceneManifest_Generation = YES;
				INFOPLIST_KEY_UIApplicationSupportsIndirectInputEvents = YES;
				INFOPLIST_KEY_UILaunchScreen_Generation = YES;
				INFOPLIST_KEY_UISupportedInterfaceOrientations_iPad = "UIInterfaceOrientationPortrait UIInterfaceOrientationPortraitUpsideDown UIInterfaceOrientationLandscapeLeft UIInterfaceOrientationLandscapeRight";
				INFOPLIST_KEY_UISupportedInterfaceOrientations_iPhone = "UIInterfaceOrientationPortrait UIInterfaceOrientationLandscapeLeft UIInterfaceOrientationLandscapeRight";
				LD_RUNPATH_SEARCH_PATHS = (
					"$(inherited)",
					"@executable_path/Frameworks",
				);
				MARKETING_VERSION = 1.0;
				PRODUCT_BUNDLE_IDENTIFIER = kr.lhj.GhostDiary;
				PRODUCT_NAME = "$(TARGET_NAME)";
				SWIFT_EMIT_LOC_STRINGS = YES;
				SWIFT_VERSION = 5.0;
				TARGETED_DEVICE_FAMILY = "1,2";
			};
			name = Debug;
		};
		28F6771F2949EB4000935959 /* Release */ = {
			isa = XCBuildConfiguration;
			buildSettings = {
				ASSETCATALOG_COMPILER_APPICON_NAME = AppIcon;
				ASSETCATALOG_COMPILER_GLOBAL_ACCENT_COLOR_NAME = AccentColor;
				CODE_SIGN_ENTITLEMENTS = GhostDiary/GhostDiary.entitlements;
				CODE_SIGN_STYLE = Automatic;
				CURRENT_PROJECT_VERSION = 1;
				DEVELOPMENT_ASSET_PATHS = "\"GhostDiary/Preview Content\"";
				DEVELOPMENT_TEAM = 856Q6QA7Z9;
				ENABLE_PREVIEWS = YES;
				GENERATE_INFOPLIST_FILE = YES;
				INFOPLIST_FILE = GhostDiary/Info.plist;
				INFOPLIST_KEY_UIApplicationSceneManifest_Generation = YES;
				INFOPLIST_KEY_UIApplicationSupportsIndirectInputEvents = YES;
				INFOPLIST_KEY_UILaunchScreen_Generation = YES;
				INFOPLIST_KEY_UISupportedInterfaceOrientations_iPad = "UIInterfaceOrientationPortrait UIInterfaceOrientationPortraitUpsideDown UIInterfaceOrientationLandscapeLeft UIInterfaceOrientationLandscapeRight";
				INFOPLIST_KEY_UISupportedInterfaceOrientations_iPhone = "UIInterfaceOrientationPortrait UIInterfaceOrientationLandscapeLeft UIInterfaceOrientationLandscapeRight";
				LD_RUNPATH_SEARCH_PATHS = (
					"$(inherited)",
					"@executable_path/Frameworks",
				);
				MARKETING_VERSION = 1.0;
				PRODUCT_BUNDLE_IDENTIFIER = kr.lhj.GhostDiary;
				PRODUCT_NAME = "$(TARGET_NAME)";
				SWIFT_EMIT_LOC_STRINGS = YES;
				SWIFT_VERSION = 5.0;
				TARGETED_DEVICE_FAMILY = "1,2";
			};
			name = Release;
		};
/* End XCBuildConfiguration section */

/* Begin XCConfigurationList section */
		28F6770A2949EB3F00935959 /* Build configuration list for PBXProject "GhostDiary" */ = {
			isa = XCConfigurationList;
			buildConfigurations = (
				28F6771B2949EB4000935959 /* Debug */,
				28F6771C2949EB4000935959 /* Release */,
			);
			defaultConfigurationIsVisible = 0;
			defaultConfigurationName = Release;
		};
		28F6771D2949EB4000935959 /* Build configuration list for PBXNativeTarget "GhostDiary" */ = {
			isa = XCConfigurationList;
			buildConfigurations = (
				28F6771E2949EB4000935959 /* Debug */,
				28F6771F2949EB4000935959 /* Release */,
			);
			defaultConfigurationIsVisible = 0;
			defaultConfigurationName = Release;
		};
/* End XCConfigurationList section */

/* Begin XCRemoteSwiftPackageReference section */
		289272CC295369B300953951 /* XCRemoteSwiftPackageReference "GoogleSignIn-iOS" */ = {
			isa = XCRemoteSwiftPackageReference;
			repositoryURL = "https://github.com/google/GoogleSignIn-iOS";
			requirement = {
				kind = upToNextMajorVersion;
				minimumVersion = 6.2.4;
			};
		};
		28F677202949ECFF00935959 /* XCRemoteSwiftPackageReference "firebase-ios-sdk" */ = {
			isa = XCRemoteSwiftPackageReference;
			repositoryURL = "https://github.com/firebase/firebase-ios-sdk.git";
			requirement = {
				branch = master;
				kind = branch;
			};
		};
/* End XCRemoteSwiftPackageReference section */

/* Begin XCSwiftPackageProductDependency section */
		289272CD295369B400953951 /* GoogleSignIn */ = {
			isa = XCSwiftPackageProductDependency;
			package = 289272CC295369B300953951 /* XCRemoteSwiftPackageReference "GoogleSignIn-iOS" */;
			productName = GoogleSignIn;
		};
		289272CF295369B400953951 /* GoogleSignInSwift */ = {
			isa = XCSwiftPackageProductDependency;
			package = 289272CC295369B300953951 /* XCRemoteSwiftPackageReference "GoogleSignIn-iOS" */;
			productName = GoogleSignInSwift;
		};
		28F677212949ECFF00935959 /* FirebaseAuth */ = {
			isa = XCSwiftPackageProductDependency;
			package = 28F677202949ECFF00935959 /* XCRemoteSwiftPackageReference "firebase-ios-sdk" */;
			productName = FirebaseAuth;
		};
		28F677232949ECFF00935959 /* FirebaseDatabase */ = {
			isa = XCSwiftPackageProductDependency;
			package = 28F677202949ECFF00935959 /* XCRemoteSwiftPackageReference "firebase-ios-sdk" */;
			productName = FirebaseDatabase;
		};
		28F677252949ECFF00935959 /* FirebaseDatabaseSwift */ = {
			isa = XCSwiftPackageProductDependency;
			package = 28F677202949ECFF00935959 /* XCRemoteSwiftPackageReference "firebase-ios-sdk" */;
			productName = FirebaseDatabaseSwift;
		};
		28F677272949ECFF00935959 /* FirebaseFirestore */ = {
			isa = XCSwiftPackageProductDependency;
			package = 28F677202949ECFF00935959 /* XCRemoteSwiftPackageReference "firebase-ios-sdk" */;
			productName = FirebaseFirestore;
		};
		28F677292949ECFF00935959 /* FirebaseFirestoreSwift */ = {
			isa = XCSwiftPackageProductDependency;
			package = 28F677202949ECFF00935959 /* XCRemoteSwiftPackageReference "firebase-ios-sdk" */;
			productName = FirebaseFirestoreSwift;
		};
/* End XCSwiftPackageProductDependency section */
	};
	rootObject = 28F677072949EB3F00935959 /* Project object */;
}
